// !$*UTF8*$!
{
	archiveVersion = 1;
	classes = {
	};
	objectVersion = 48;
	objects = {

/* Begin PBXBuildFile section */
		6D2C3C541EFD2ABC00212B8C /* AppDelegate.swift in Sources */ = {isa = PBXBuildFile; fileRef = 6D2C3C531EFD2ABC00212B8C /* AppDelegate.swift */; };
		6D2C3C561EFD2ABC00212B8C /* ViewController.swift in Sources */ = {isa = PBXBuildFile; fileRef = 6D2C3C551EFD2ABC00212B8C /* ViewController.swift */; };
		6D2C3C591EFD2ABC00212B8C /* Main.storyboard in Resources */ = {isa = PBXBuildFile; fileRef = 6D2C3C571EFD2ABC00212B8C /* Main.storyboard */; };
		6D2C3C5B1EFD2ABC00212B8C /* Assets.xcassets in Resources */ = {isa = PBXBuildFile; fileRef = 6D2C3C5A1EFD2ABC00212B8C /* Assets.xcassets */; };
		6D2C3C5E1EFD2ABC00212B8C /* LaunchScreen.storyboard in Resources */ = {isa = PBXBuildFile; fileRef = 6D2C3C5C1EFD2ABC00212B8C /* LaunchScreen.storyboard */; };
		6DF0B3CB1EFD376700D496B3 /* LoginViewController.swift in Sources */ = {isa = PBXBuildFile; fileRef = 6DF0B3CA1EFD376700D496B3 /* LoginViewController.swift */; };
		6DF0B3CE1EFD379D00D496B3 /* UIColor.swift in Sources */ = {isa = PBXBuildFile; fileRef = 6DF0B3CD1EFD379D00D496B3 /* UIColor.swift */; };
		E34CC1AA38A15B31A9B8E164 /* Pods_FirebaseChatDemo.framework in Frameworks */ = {isa = PBXBuildFile; fileRef = A783065898F9441F97A1AEDD /* Pods_FirebaseChatDemo.framework */; };
/* End PBXBuildFile section */

/* Begin PBXFileReference section */
		1B2A41217B1E29BF166BE0BB /* Pods-FirebaseChatDemo.release.xcconfig */ = {isa = PBXFileReference; includeInIndex = 1; lastKnownFileType = text.xcconfig; name = "Pods-FirebaseChatDemo.release.xcconfig"; path = "Pods/Target Support Files/Pods-FirebaseChatDemo/Pods-FirebaseChatDemo.release.xcconfig"; sourceTree = "<group>"; };
		6D2C3C501EFD2ABC00212B8C /* FirebaseChatDemo.app */ = {isa = PBXFileReference; explicitFileType = wrapper.application; includeInIndex = 0; path = FirebaseChatDemo.app; sourceTree = BUILT_PRODUCTS_DIR; };
		6D2C3C531EFD2ABC00212B8C /* AppDelegate.swift */ = {isa = PBXFileReference; lastKnownFileType = sourcecode.swift; path = AppDelegate.swift; sourceTree = "<group>"; };
		6D2C3C551EFD2ABC00212B8C /* ViewController.swift */ = {isa = PBXFileReference; lastKnownFileType = sourcecode.swift; path = ViewController.swift; sourceTree = "<group>"; };
		6D2C3C581EFD2ABC00212B8C /* Base */ = {isa = PBXFileReference; lastKnownFileType = file.storyboard; name = Base; path = Base.lproj/Main.storyboard; sourceTree = "<group>"; };
		6D2C3C5A1EFD2ABC00212B8C /* Assets.xcassets */ = {isa = PBXFileReference; lastKnownFileType = folder.assetcatalog; path = Assets.xcassets; sourceTree = "<group>"; };
		6D2C3C5D1EFD2ABC00212B8C /* Base */ = {isa = PBXFileReference; lastKnownFileType = file.storyboard; name = Base; path = Base.lproj/LaunchScreen.storyboard; sourceTree = "<group>"; };
		6D2C3C5F1EFD2ABC00212B8C /* Info.plist */ = {isa = PBXFileReference; lastKnownFileType = text.plist.xml; path = Info.plist; sourceTree = "<group>"; };
		6DF0B3CA1EFD376700D496B3 /* LoginViewController.swift */ = {isa = PBXFileReference; lastKnownFileType = sourcecode.swift; path = LoginViewController.swift; sourceTree = "<group>"; };
		6DF0B3CD1EFD379D00D496B3 /* UIColor.swift */ = {isa = PBXFileReference; lastKnownFileType = sourcecode.swift; path = UIColor.swift; sourceTree = "<group>"; };
		A783065898F9441F97A1AEDD /* Pods_FirebaseChatDemo.framework */ = {isa = PBXFileReference; explicitFileType = wrapper.framework; includeInIndex = 0; path = Pods_FirebaseChatDemo.framework; sourceTree = BUILT_PRODUCTS_DIR; };
		C2BFE7069A40A84AB6E49E8C /* Pods-FirebaseChatDemo.debug.xcconfig */ = {isa = PBXFileReference; includeInIndex = 1; lastKnownFileType = text.xcconfig; name = "Pods-FirebaseChatDemo.debug.xcconfig"; path = "Pods/Target Support Files/Pods-FirebaseChatDemo/Pods-FirebaseChatDemo.debug.xcconfig"; sourceTree = "<group>"; };
/* End PBXFileReference section */

/* Begin PBXFrameworksBuildPhase section */
		6D2C3C4D1EFD2ABC00212B8C /* Frameworks */ = {
			isa = PBXFrameworksBuildPhase;
			buildActionMask = 2147483647;
			files = (
				E34CC1AA38A15B31A9B8E164 /* Pods_FirebaseChatDemo.framework in Frameworks */,
			);
			runOnlyForDeploymentPostprocessing = 0;
		};
/* End PBXFrameworksBuildPhase section */

/* Begin PBXGroup section */
		6D2C3C471EFD2ABC00212B8C = {
			isa = PBXGroup;
			children = (
				6D2C3C521EFD2ABC00212B8C /* FirebaseChatDemo */,
				6D2C3C511EFD2ABC00212B8C /* Products */,
				82D711491B4760CC6BD2BAEF /* Pods */,
				8643B3F856C58782083FBAD2 /* Frameworks */,
			);
			sourceTree = "<group>";
		};
		6D2C3C511EFD2ABC00212B8C /* Products */ = {
			isa = PBXGroup;
			children = (
				6D2C3C501EFD2ABC00212B8C /* FirebaseChatDemo.app */,
			);
			name = Products;
			sourceTree = "<group>";
		};
		6D2C3C521EFD2ABC00212B8C /* FirebaseChatDemo */ = {
			isa = PBXGroup;
			children = (
				6D2C3C531EFD2ABC00212B8C /* AppDelegate.swift */,
				6DF0B3CC1EFD378600D496B3 /* Extension  */,
				6DF0B3C91EFD374400D496B3 /* Controller */,
				6D2C3C571EFD2ABC00212B8C /* Main.storyboard */,
				6D2C3C5A1EFD2ABC00212B8C /* Assets.xcassets */,
				6D2C3C5C1EFD2ABC00212B8C /* LaunchScreen.storyboard */,
				6D2C3C5F1EFD2ABC00212B8C /* Info.plist */,
			);
			path = FirebaseChatDemo;
			sourceTree = "<group>";
		};
		6DF0B3C91EFD374400D496B3 /* Controller */ = {
			isa = PBXGroup;
			children = (
				6D2C3C551EFD2ABC00212B8C /* ViewController.swift */,
				6DF0B3CA1EFD376700D496B3 /* LoginViewController.swift */,
			);
			path = Controller;
			sourceTree = "<group>";
		};
		6DF0B3CC1EFD378600D496B3 /* Extension  */ = {
			isa = PBXGroup;
			children = (
				6DF0B3CD1EFD379D00D496B3 /* UIColor.swift */,
			);
			path = "Extension ";
			sourceTree = "<group>";
		};
		82D711491B4760CC6BD2BAEF /* Pods */ = {
			isa = PBXGroup;
			children = (
				C2BFE7069A40A84AB6E49E8C /* Pods-FirebaseChatDemo.debug.xcconfig */,
				1B2A41217B1E29BF166BE0BB /* Pods-FirebaseChatDemo.release.xcconfig */,
			);
			name = Pods;
			sourceTree = "<group>";
		};
		8643B3F856C58782083FBAD2 /* Frameworks */ = {
			isa = PBXGroup;
			children = (
				A783065898F9441F97A1AEDD /* Pods_FirebaseChatDemo.framework */,
			);
			name = Frameworks;
			sourceTree = "<group>";
		};
/* End PBXGroup section */

/* Begin PBXNativeTarget section */
		6D2C3C4F1EFD2ABC00212B8C /* FirebaseChatDemo */ = {
			isa = PBXNativeTarget;
			buildConfigurationList = 6D2C3C621EFD2ABC00212B8C /* Build configuration list for PBXNativeTarget "FirebaseChatDemo" */;
			buildPhases = (
				30424DD0B559D822BBF69EA3 /* [CP] Check Pods Manifest.lock */,
				6D2C3C4C1EFD2ABC00212B8C /* Sources */,
				6D2C3C4D1EFD2ABC00212B8C /* Frameworks */,
				6D2C3C4E1EFD2ABC00212B8C /* Resources */,
				F55D2B5EAE0993ED02E23FA8 /* [CP] Embed Pods Frameworks */,
				9684D603950245A022315A32 /* [CP] Copy Pods Resources */,
			);
			buildRules = (
			);
			dependencies = (
			);
			name = FirebaseChatDemo;
			productName = FirebaseChatDemo;
			productReference = 6D2C3C501EFD2ABC00212B8C /* FirebaseChatDemo.app */;
			productType = "com.apple.product-type.application";
		};
/* End PBXNativeTarget section */

/* Begin PBXProject section */
		6D2C3C481EFD2ABC00212B8C /* Project object */ = {
			isa = PBXProject;
			attributes = {
				LastSwiftUpdateCheck = 0900;
				LastUpgradeCheck = 0900;
				ORGANIZATIONNAME = "Solution Analysts Pvt. Ltd.";
				TargetAttributes = {
					6D2C3C4F1EFD2ABC00212B8C = {
						CreatedOnToolsVersion = 9.0;
					};
				};
			};
			buildConfigurationList = 6D2C3C4B1EFD2ABC00212B8C /* Build configuration list for PBXProject "FirebaseChatDemo" */;
			compatibilityVersion = "Xcode 8.0";
			developmentRegion = en;
			hasScannedForEncodings = 0;
			knownRegions = (
				en,
				Base,
			);
			mainGroup = 6D2C3C471EFD2ABC00212B8C;
			productRefGroup = 6D2C3C511EFD2ABC00212B8C /* Products */;
			projectDirPath = "";
			projectRoot = "";
			targets = (
				6D2C3C4F1EFD2ABC00212B8C /* FirebaseChatDemo */,
			);
		};
/* End PBXProject section */

/* Begin PBXResourcesBuildPhase section */
		6D2C3C4E1EFD2ABC00212B8C /* Resources */ = {
			isa = PBXResourcesBuildPhase;
			buildActionMask = 2147483647;
			files = (
				6D2C3C5E1EFD2ABC00212B8C /* LaunchScreen.storyboard in Resources */,
				6D2C3C5B1EFD2ABC00212B8C /* Assets.xcassets in Resources */,
				6D2C3C591EFD2ABC00212B8C /* Main.storyboard in Resources */,
			);
			runOnlyForDeploymentPostprocessing = 0;
		};
/* End PBXResourcesBuildPhase section */

/* Begin PBXShellScriptBuildPhase section */
		30424DD0B559D822BBF69EA3 /* [CP] Check Pods Manifest.lock */ = {
			isa = PBXShellScriptBuildPhase;
			buildActionMask = 2147483647;
			files = (
			);
			inputPaths = (
			);
			name = "[CP] Check Pods Manifest.lock";
			outputPaths = (
			);
			runOnlyForDeploymentPostprocessing = 0;
			shellPath = /bin/sh;
			shellScript = "diff \"${PODS_ROOT}/../Podfile.lock\" \"${PODS_ROOT}/Manifest.lock\" > /dev/null\nif [ $? != 0 ] ; then\n    # print error to STDERR\n    echo \"error: The sandbox is not in sync with the Podfile.lock. Run 'pod install' or update your CocoaPods installation.\" >&2\n    exit 1\nfi\n";
			showEnvVarsInLog = 0;
		};
		9684D603950245A022315A32 /* [CP] Copy Pods Resources */ = {
			isa = PBXShellScriptBuildPhase;
			buildActionMask = 2147483647;
			files = (
			);
			inputPaths = (
			);
			name = "[CP] Copy Pods Resources";
			outputPaths = (
			);
			runOnlyForDeploymentPostprocessing = 0;
			shellPath = /bin/sh;
			shellScript = "\"${SRCROOT}/Pods/Target Support Files/Pods-FirebaseChatDemo/Pods-FirebaseChatDemo-resources.sh\"\n";
			showEnvVarsInLog = 0;
		};
		F55D2B5EAE0993ED02E23FA8 /* [CP] Embed Pods Frameworks */ = {
			isa = PBXShellScriptBuildPhase;
			buildActionMask = 2147483647;
			files = (
			);
			inputPaths = (
			);
			name = "[CP] Embed Pods Frameworks";
			outputPaths = (
			);
			runOnlyForDeploymentPostprocessing = 0;
			shellPath = /bin/sh;
			shellScript = "\"${SRCROOT}/Pods/Target Support Files/Pods-FirebaseChatDemo/Pods-FirebaseChatDemo-frameworks.sh\"\n";
			showEnvVarsInLog = 0;
		};
/* End PBXShellScriptBuildPhase section */

/* Begin PBXSourcesBuildPhase section */
		6D2C3C4C1EFD2ABC00212B8C /* Sources */ = {
			isa = PBXSourcesBuildPhase;
			buildActionMask = 2147483647;
			files = (
				6DF0B3CB1EFD376700D496B3 /* LoginViewController.swift in Sources */,
				6DF0B3CE1EFD379D00D496B3 /* UIColor.swift in Sources */,
				6D2C3C561EFD2ABC00212B8C /* ViewController.swift in Sources */,
				6D2C3C541EFD2ABC00212B8C /* AppDelegate.swift in Sources */,
			);
			runOnlyForDeploymentPostprocessing = 0;
		};
/* End PBXSourcesBuildPhase section */

/* Begin PBXVariantGroup section */
		6D2C3C571EFD2ABC00212B8C /* Main.storyboard */ = {
			isa = PBXVariantGroup;
			children = (
				6D2C3C581EFD2ABC00212B8C /* Base */,
			);
			name = Main.storyboard;
			sourceTree = "<group>";
		};
		6D2C3C5C1EFD2ABC00212B8C /* LaunchScreen.storyboard */ = {
			isa = PBXVariantGroup;
			children = (
				6D2C3C5D1EFD2ABC00212B8C /* Base */,
			);
			name = LaunchScreen.storyboard;
			sourceTree = "<group>";
		};
/* End PBXVariantGroup section */

/* Begin XCBuildConfiguration section */
		6D2C3C601EFD2ABC00212B8C /* Debug */ = {
			isa = XCBuildConfiguration;
			buildSettings = {
				ALWAYS_SEARCH_USER_PATHS = NO;
				CLANG_ANALYZER_NONNULL = YES;
				CLANG_ANALYZER_NUMBER_OBJECT_CONVERSION = YES_AGGRESSIVE;
				CLANG_CXX_LANGUAGE_STANDARD = "gnu++14";
				CLANG_CXX_LIBRARY = "libc++";
				CLANG_ENABLE_MODULES = YES;
				CLANG_ENABLE_OBJC_ARC = YES;
				CLANG_WARN_BLOCK_CAPTURE_AUTORELEASING = YES;
				CLANG_WARN_BOOL_CONVERSION = YES;
				CLANG_WARN_COMMA = YES;
				CLANG_WARN_CONSTANT_CONVERSION = YES;
				CLANG_WARN_DIRECT_OBJC_ISA_USAGE = YES_ERROR;
				CLANG_WARN_DOCUMENTATION_COMMENTS = YES;
				CLANG_WARN_EMPTY_BODY = YES;
				CLANG_WARN_ENUM_CONVERSION = YES;
				CLANG_WARN_INFINITE_RECURSION = YES;
				CLANG_WARN_INT_CONVERSION = YES;
				CLANG_WARN_NON_LITERAL_NULL_CONVERSION = YES;
				CLANG_WARN_OBJC_LITERAL_CONVERSION = YES;
				CLANG_WARN_OBJC_ROOT_CLASS = YES_ERROR;
				CLANG_WARN_RANGE_LOOP_ANALYSIS = YES;
				CLANG_WARN_STRICT_PROTOTYPES = YES;
				CLANG_WARN_SUSPICIOUS_MOVE = YES;
				CLANG_WARN_UNGUARDED_AVAILABILITY = YES_AGGRESSIVE;
				CLANG_WARN_UNREACHABLE_CODE = YES;
				CLANG_WARN__DUPLICATE_METHOD_MATCH = YES;
				CODE_SIGN_IDENTITY = "iPhone Developer";
				COPY_PHASE_STRIP = NO;
				DEBUG_INFORMATION_FORMAT = dwarf;
				ENABLE_STRICT_OBJC_MSGSEND = YES;
				ENABLE_TESTABILITY = YES;
				GCC_C_LANGUAGE_STANDARD = gnu11;
				GCC_DYNAMIC_NO_PIC = NO;
				GCC_NO_COMMON_BLOCKS = YES;
				GCC_OPTIMIZATION_LEVEL = 0;
				GCC_PREPROCESSOR_DEFINITIONS = (
					"DEBUG=1",
					"$(inherited)",
				);
				GCC_WARN_64_TO_32_BIT_CONVERSION = YES;
				GCC_WARN_ABOUT_RETURN_TYPE = YES_ERROR;
				GCC_WARN_UNDECLARED_SELECTOR = YES;
				GCC_WARN_UNINITIALIZED_AUTOS = YES_AGGRESSIVE;
				GCC_WARN_UNUSED_FUNCTION = YES;
				GCC_WARN_UNUSED_VARIABLE = YES;
				IPHONEOS_DEPLOYMENT_TARGET = 11.0;
				MTL_ENABLE_DEBUG_INFO = YES;
				ONLY_ACTIVE_ARCH = YES;
				SDKROOT = iphoneos;
				SWIFT_ACTIVE_COMPILATION_CONDITIONS = DEBUG;
				SWIFT_OPTIMIZATION_LEVEL = "-Onone";
			};
			name = Debug;
		};
		6D2C3C611EFD2ABC00212B8C /* Release */ = {
			isa = XCBuildConfiguration;
			buildSettings = {
				ALWAYS_SEARCH_USER_PATHS = NO;
				CLANG_ANALYZER_NONNULL = YES;
				CLANG_ANALYZER_NUMBER_OBJECT_CONVERSION = YES_AGGRESSIVE;
				CLANG_CXX_LANGUAGE_STANDARD = "gnu++14";
				CLANG_CXX_LIBRARY = "libc++";
				CLANG_ENABLE_MODULES = YES;
				CLANG_ENABLE_OBJC_ARC = YES;
				CLANG_WARN_BLOCK_CAPTURE_AUTORELEASING = YES;
				CLANG_WARN_BOOL_CONVERSION = YES;
				CLANG_WARN_COMMA = YES;
				CLANG_WARN_CONSTANT_CONVERSION = YES;
				CLANG_WARN_DIRECT_OBJC_ISA_USAGE = YES_ERROR;
				CLANG_WARN_DOCUMENTATION_COMMENTS = YES;
				CLANG_WARN_EMPTY_BODY = YES;
				CLANG_WARN_ENUM_CONVERSION = YES;
				CLANG_WARN_INFINITE_RECURSION = YES;
				CLANG_WARN_INT_CONVERSION = YES;
				CLANG_WARN_NON_LITERAL_NULL_CONVERSION = YES;
				CLANG_WARN_OBJC_LITERAL_CONVERSION = YES;
				CLANG_WARN_OBJC_ROOT_CLASS = YES_ERROR;
				CLANG_WARN_RANGE_LOOP_ANALYSIS = YES;
				CLANG_WARN_STRICT_PROTOTYPES = YES;
				CLANG_WARN_SUSPICIOUS_MOVE = YES;
				CLANG_WARN_UNGUARDED_AVAILABILITY = YES_AGGRESSIVE;
				CLANG_WARN_UNREACHABLE_CODE = YES;
				CLANG_WARN__DUPLICATE_METHOD_MATCH = YES;
				CODE_SIGN_IDENTITY = "iPhone Developer";
				COPY_PHASE_STRIP = NO;
				DEBUG_INFORMATION_FORMAT = "dwarf-with-dsym";
				ENABLE_NS_ASSERTIONS = NO;
				ENABLE_STRICT_OBJC_MSGSEND = YES;
				GCC_C_LANGUAGE_STANDARD = gnu11;
				GCC_NO_COMMON_BLOCKS = YES;
				GCC_WARN_64_TO_32_BIT_CONVERSION = YES;
				GCC_WARN_ABOUT_RETURN_TYPE = YES_ERROR;
				GCC_WARN_UNDECLARED_SELECTOR = YES;
				GCC_WARN_UNINITIALIZED_AUTOS = YES_AGGRESSIVE;
				GCC_WARN_UNUSED_FUNCTION = YES;
				GCC_WARN_UNUSED_VARIABLE = YES;
				IPHONEOS_DEPLOYMENT_TARGET = 11.0;
				MTL_ENABLE_DEBUG_INFO = NO;
				SDKROOT = iphoneos;
				SWIFT_OPTIMIZATION_LEVEL = "-Owholemodule";
				VALIDATE_PRODUCT = YES;
			};
			name = Release;
		};
		6D2C3C631EFD2ABC00212B8C /* Debug */ = {
			isa = XCBuildConfiguration;
			baseConfigurationReference = C2BFE7069A40A84AB6E49E8C /* Pods-FirebaseChatDemo.debug.xcconfig */;
			buildSettings = {
				ASSETCATALOG_COMPILER_APPICON_NAME = AppIcon;
				INFOPLIST_FILE = FirebaseChatDemo/Info.plist;
				IPHONEOS_DEPLOYMENT_TARGET = 10.3;
				LD_RUNPATH_SEARCH_PATHS = "$(inherited) @executable_path/Frameworks";
				PRODUCT_BUNDLE_IDENTIFIER = com.solutionanalysts.firebaseChat;
				PRODUCT_NAME = "$(TARGET_NAME)";
				SWIFT_VERSION = 4.0;
				TARGETED_DEVICE_FAMILY = "1,2";
			};
			name = Debug;
		};
		6D2C3C641EFD2ABC00212B8C /* Release */ = {
			isa = XCBuildConfiguration;
			baseConfigurationReference = 1B2A41217B1E29BF166BE0BB /* Pods-FirebaseChatDemo.release.xcconfig */;
			buildSettings = {
				ASSETCATALOG_COMPILER_APPICON_NAME = AppIcon;
				INFOPLIST_FILE = FirebaseChatDemo/Info.plist;
				IPHONEOS_DEPLOYMENT_TARGET = 10.3;
				LD_RUNPATH_SEARCH_PATHS = "$(inherited) @executable_path/Frameworks";
				PRODUCT_BUNDLE_IDENTIFIER = com.solutionanalysts.firebaseChat;
				PRODUCT_NAME = "$(TARGET_NAME)";
				SWIFT_VERSION = 4.0;
				TARGETED_DEVICE_FAMILY = "1,2";
			};
			name = Release;
		};
/* End XCBuildConfiguration section */

/* Begin XCConfigurationList section */
		6D2C3C4B1EFD2ABC00212B8C /* Build configuration list for PBXProject "FirebaseChatDemo" */ = {
			isa = XCConfigurationList;
			buildConfigurations = (
				6D2C3C601EFD2ABC00212B8C /* Debug */,
				6D2C3C611EFD2ABC00212B8C /* Release */,
			);
			defaultConfigurationIsVisible = 0;
			defaultConfigurationName = Release;
		};
		6D2C3C621EFD2ABC00212B8C /* Build configuration list for PBXNativeTarget "FirebaseChatDemo" */ = {
			isa = XCConfigurationList;
			buildConfigurations = (
				6D2C3C631EFD2ABC00212B8C /* Debug */,
				6D2C3C641EFD2ABC00212B8C /* Release */,
			);
			defaultConfigurationIsVisible = 0;
			defaultConfigurationName = Release;
		};
/* End XCConfigurationList section */
	};
	rootObject = 6D2C3C481EFD2ABC00212B8C /* Project object */;
}
